
Microsoft Visual Studio Solution File, Format Version 12.00
# Visual Studio 15
VisualStudioVersion = 15.0.27703.2042
MinimumVisualStudioVersion = 10.0.40219.1
Project("{FAE04EC0-301F-11D3-BF4B-00C04F79EFBC}") = "WatchAllApi", "WatchAllApi\WatchAllApi.csproj", "{90619DEF-77D7-4C9C-8697-0E443244DADF}"
EndProject
Global
	GlobalSection(SolutionConfigurationPlatforms) = preSolution
		Debug|Any CPU = Debug|Any CPU
		Release|Any CPU = Release|Any CPU
	EndGlobalSection
	GlobalSection(ProjectConfigurationPlatforms) = postSolution
		{90619DEF-77D7-4C9C-8697-0E443244DADF}.Debug|Any CPU.ActiveCfg = Debug|Any CPU
		{90619DEF-77D7-4C9C-8697-0E443244DADF}.Debug|Any CPU.Build.0 = Debug|Any CPU
		{90619DEF-77D7-4C9C-8697-0E443244DADF}.Release|Any CPU.ActiveCfg = Release|Any CPU
		{90619DEF-77D7-4C9C-8697-0E443244DADF}.Release|Any CPU.Build.0 = Release|Any CPU
	EndGlobalSection
	GlobalSection(SolutionProperties) = preSolution
		HideSolutionNode = FALSE
	EndGlobalSection
	GlobalSection(ExtensibilityGlobals) = postSolution
		SolutionGuid = {FA61FA2C-025B-4B94-81AC-702679F6BD1A}
	EndGlobalSection
EndGlobal
